
Microsoft Visual Studio Solution File, Format Version 12.00
# Visual Studio 2015
Project("{FAE04EC0-301F-11D3-BF4B-00C04F79EFBC}") = "UnityVS.RelationsInspector.CSharp.Plugins", "UnityVS.RelationsInspector.CSharp.Plugins.csproj", "{6056C4D6-E376-537E-C757-5E2481C312EA}"
EndProject
Project("{FAE04EC0-301F-11D3-BF4B-00C04F79EFBC}") = "UnityVS.RelationsInspector.CSharp.Editor.Plugins", "UnityVS.RelationsInspector.CSharp.Editor.Plugins.csproj", "{3219B92A-AD39-20FD-EF13-B5E3BC755FF0}"
EndProject
Project("{FAE04EC0-301F-11D3-BF4B-00C04F79EFBC}") = "RelationsInspectorLib", "RIDLLProject\RelationsInspectorLib.csproj", "{8564B945-82F3-4C72-9661-3D6A6B311764}"
EndProject
Global
	GlobalSection(SolutionConfigurationPlatforms) = preSolution
		Debug|Any CPU = Debug|Any CPU
		Release|Any CPU = Release|Any CPU
	EndGlobalSection
	GlobalSection(ProjectConfigurationPlatforms) = postSolution
		{6056C4D6-E376-537E-C757-5E2481C312EA}.Debug|Any CPU.ActiveCfg = Debug|Any CPU
		{6056C4D6-E376-537E-C757-5E2481C312EA}.Debug|Any CPU.Build.0 = Debug|Any CPU
		{6056C4D6-E376-537E-C757-5E2481C312EA}.Release|Any CPU.ActiveCfg = Release|Any CPU
		{6056C4D6-E376-537E-C757-5E2481C312EA}.Release|Any CPU.Build.0 = Release|Any CPU
		{3219B92A-AD39-20FD-EF13-B5E3BC755FF0}.Debug|Any CPU.ActiveCfg = Debug|Any CPU
		{3219B92A-AD39-20FD-EF13-B5E3BC755FF0}.Debug|Any CPU.Build.0 = Debug|Any CPU
		{3219B92A-AD39-20FD-EF13-B5E3BC755FF0}.Release|Any CPU.ActiveCfg = Release|Any CPU
		{3219B92A-AD39-20FD-EF13-B5E3BC755FF0}.Release|Any CPU.Build.0 = Release|Any CPU
		{8564B945-82F3-4C72-9661-3D6A6B311764}.Debug|Any CPU.ActiveCfg = Debug|Any CPU
		{8564B945-82F3-4C72-9661-3D6A6B311764}.Debug|Any CPU.Build.0 = Debug|Any CPU
		{8564B945-82F3-4C72-9661-3D6A6B311764}.Release|Any CPU.ActiveCfg = Release|Any CPU
		{8564B945-82F3-4C72-9661-3D6A6B311764}.Release|Any CPU.Build.0 = Release|Any CPU
	EndGlobalSection
	GlobalSection(SolutionProperties) = preSolution
		HideSolutionNode = FALSE
	EndGlobalSection
EndGlobal
